
Microsoft Visual Studio Solution File, Format Version 12.00
# Visual Studio Version 17
VisualStudioVersion = 17.14.36518.9
MinimumVisualStudioVersion = 10.0.40219.1
Project("{FAE04EC0-301F-11D3-BF4B-00C04F79EFBC}") = "VotingPlatform", "VotingPlatform\VotingPlatform.csproj", "{AE7395D0-D732-4F1D-849E-E345D3227D54}"
EndProject
Project("{FAE04EC0-301F-11D3-BF4B-00C04F79EFBC}") = "VotingPlatform.Tests", "VotingPlatform.Tests\VotingPlatform.Tests.csproj", "{05120D15-90AC-429E-910F-2DA40032096B}"
EndProject
Global
	GlobalSection(SolutionConfigurationPlatforms) = preSolution
		Debug|Any CPU = Debug|Any CPU
		Release|Any CPU = Release|Any CPU
	EndGlobalSection
	GlobalSection(ProjectConfigurationPlatforms) = postSolution
		{AE7395D0-D732-4F1D-849E-E345D3227D54}.Debug|Any CPU.ActiveCfg = Debug|Any CPU
		{AE7395D0-D732-4F1D-849E-E345D3227D54}.Debug|Any CPU.Build.0 = Debug|Any CPU
		{AE7395D0-D732-4F1D-849E-E345D3227D54}.Release|Any CPU.ActiveCfg = Release|Any CPU
		{AE7395D0-D732-4F1D-849E-E345D3227D54}.Release|Any CPU.Build.0 = Release|Any CPU
		{05120D15-90AC-429E-910F-2DA40032096B}.Debug|Any CPU.ActiveCfg = Debug|Any CPU
		{05120D15-90AC-429E-910F-2DA40032096B}.Debug|Any CPU.Build.0 = Debug|Any CPU
		{05120D15-90AC-429E-910F-2DA40032096B}.Release|Any CPU.ActiveCfg = Release|Any CPU
		{05120D15-90AC-429E-910F-2DA40032096B}.Release|Any CPU.Build.0 = Release|Any CPU
	EndGlobalSection
	GlobalSection(SolutionProperties) = preSolution
		HideSolutionNode = FALSE
	EndGlobalSection
	GlobalSection(ExtensibilityGlobals) = postSolution
		SolutionGuid = {A7514407-6D3B-483D-ACE9-D6E11F7DF177}
	EndGlobalSection
EndGlobal
